
Microsoft Visual Studio Solution File, Format Version 12.00
Project("{FAE04EC0-301F-11D3-BF4B-00C04F79EFBC}") = "TemplateWebApi", "TemplateWebApi\TemplateWebApi.csproj", "{879A6112-792A-463E-A6CE-80E612E9E5AA}"
EndProject
Global
	GlobalSection(SolutionConfigurationPlatforms) = preSolution
		Debug|Any CPU = Debug|Any CPU
		Release|Any CPU = Release|Any CPU
	EndGlobalSection
	GlobalSection(ProjectConfigurationPlatforms) = postSolution
		{879A6112-792A-463E-A6CE-80E612E9E5AA}.Debug|Any CPU.ActiveCfg = Debug|Any CPU
		{879A6112-792A-463E-A6CE-80E612E9E5AA}.Debug|Any CPU.Build.0 = Debug|Any CPU
		{879A6112-792A-463E-A6CE-80E612E9E5AA}.Release|Any CPU.ActiveCfg = Release|Any CPU
		{879A6112-792A-463E-A6CE-80E612E9E5AA}.Release|Any CPU.Build.0 = Release|Any CPU
	EndGlobalSection
EndGlobal
